
Microsoft Visual Studio Solution File, Format Version 12.00
# Visual Studio 15
Project("{FAE04EC0-301F-11D3-BF4B-00C04F79EFBC}") = "Unity.Timeline", "Unity.Timeline.csproj", "{BEDE492A-C797-EC65-9DED-4FE374B3E302}"
EndProject
Project("{FAE04EC0-301F-11D3-BF4B-00C04F79EFBC}") = "Unity.Timeline.Editor", "Unity.Timeline.Editor.csproj", "{DE1CAE85-95A8-3F17-A612-60C48943AB78}"
EndProject
Project("{FAE04EC0-301F-11D3-BF4B-00C04F79EFBC}") = "Unity.TextMeshPro.Editor", "Unity.TextMeshPro.Editor.csproj", "{19101E67-8AD4-0E16-0E10-D36771E52C78}"
EndProject
Project("{FAE04EC0-301F-11D3-BF4B-00C04F79EFBC}") = "Unity.VisualScripting.Flow", "Unity.VisualScripting.Flow.csproj", "{6497DD28-3569-572C-71FF-EF2703129D36}"
EndProject
Project("{FAE04EC0-301F-11D3-BF4B-00C04F79EFBC}") = "UnityEditor.UI", "UnityEditor.UI.csproj", "{1B419E0B-5D5B-1577-095F-6FAEBBCE7EB1}"
EndProject
Project("{FAE04EC0-301F-11D3-BF4B-00C04F79EFBC}") = "Unity.PlasticSCM.Editor", "Unity.PlasticSCM.Editor.csproj", "{3BE4809D-4AAF-3A72-C2DB-0BE45705CBC7}"
EndProject
Project("{FAE04EC0-301F-11D3-BF4B-00C04F79EFBC}") = "Unity.VisualScripting.Core", "Unity.VisualScripting.Core.csproj", "{02F45378-4FBA-1B7B-DCE5-26933E90C301}"
EndProject
Project("{FAE04EC0-301F-11D3-BF4B-00C04F79EFBC}") = "Unity.VisualScripting.Core.Editor", "Unity.VisualScripting.Core.Editor.csproj", "{C1441627-46D9-C42F-6581-86BDE6E0DB14}"
EndProject
Project("{FAE04EC0-301F-11D3-BF4B-00C04F79EFBC}") = "Unity.VisualScripting.Flow.Editor", "Unity.VisualScripting.Flow.Editor.csproj", "{9CC4363D-52E2-AE3E-FA0E-8EFC2BD86E04}"
EndProject
Project("{FAE04EC0-301F-11D3-BF4B-00C04F79EFBC}") = "UnityEditor.TestRunner", "UnityEditor.TestRunner.csproj", "{4BBBDB34-2913-4808-3E4D-399E001FEB65}"
EndProject
Project("{FAE04EC0-301F-11D3-BF4B-00C04F79EFBC}") = "Unity.VisualScripting.SettingsProvider.Editor", "Unity.VisualScripting.SettingsProvider.Editor.csproj", "{7FF33441-80F4-328A-1B6B-BE1E0FF1BA64}"
EndProject
Project("{FAE04EC0-301F-11D3-BF4B-00C04F79EFBC}") = "UnityEngine.TestRunner", "UnityEngine.TestRunner.csproj", "{56FBE9D1-05CA-2F43-7C7C-3B52D4139D92}"
EndProject
Project("{FAE04EC0-301F-11D3-BF4B-00C04F79EFBC}") = "UnityEngine.UI", "UnityEngine.UI.csproj", "{EBB3A103-4751-E5E0-9531-4A48797890D9}"
EndProject
Project("{FAE04EC0-301F-11D3-BF4B-00C04F79EFBC}") = "Unity.VisualStudio.Editor", "Unity.VisualStudio.Editor.csproj", "{6AB33522-EB23-F862-AB58-B2A76902EE14}"
EndProject
Project("{FAE04EC0-301F-11D3-BF4B-00C04F79EFBC}") = "Unity.TestTools.CodeCoverage.Editor.OpenCover.Model", "Unity.TestTools.CodeCoverage.Editor.OpenCover.Model.csproj", "{67559622-2B7D-9771-EFE3-BF1D8CF0F7AB}"
EndProject
Project("{FAE04EC0-301F-11D3-BF4B-00C04F79EFBC}") = "Unity.Rider.Editor", "Unity.Rider.Editor.csproj", "{9CFE16A5-20B6-8A18-BDDC-8B9C918EFF9F}"
EndProject
Project("{FAE04EC0-301F-11D3-BF4B-00C04F79EFBC}") = "Unity.VisualScripting.State.Editor", "Unity.VisualScripting.State.Editor.csproj", "{04BAEEA1-29D5-2702-48A4-1FD93C81686D}"
EndProject
Project("{FAE04EC0-301F-11D3-BF4B-00C04F79EFBC}") = "Unity.TestTools.CodeCoverage.Editor", "Unity.TestTools.CodeCoverage.Editor.csproj", "{7F50EBF3-F002-3EA2-8DBB-FFFE4AF0AA1D}"
EndProject
Project("{FAE04EC0-301F-11D3-BF4B-00C04F79EFBC}") = "Unity.VisualScripting.State", "Unity.VisualScripting.State.csproj", "{A949CB8A-C2A1-EB70-D82B-9FCDABF71F2C}"
EndProject
Project("{FAE04EC0-301F-11D3-BF4B-00C04F79EFBC}") = "Assembly-CSharp", "Assembly-CSharp.csproj", "{21F27E44-9353-8D72-95AF-5A8132D6E4F3}"
EndProject
Project("{FAE04EC0-301F-11D3-BF4B-00C04F79EFBC}") = "Unity.TextMeshPro", "Unity.TextMeshPro.csproj", "{9732AF40-ED83-E780-4F7B-E6706884C014}"
EndProject
Project("{FAE04EC0-301F-11D3-BF4B-00C04F79EFBC}") = "Unity.Performance.Profile-Analyzer.Editor", "Unity.Performance.Profile-Analyzer.Editor.csproj", "{216AD898-9CB5-A1F9-0C32-C926BE322F0D}"
EndProject
Project("{FAE04EC0-301F-11D3-BF4B-00C04F79EFBC}") = "Unity.VSCode.Editor", "Unity.VSCode.Editor.csproj", "{341B9EEE-49E7-52CB-704C-2F4B9C486F51}"
EndProject
Project("{FAE04EC0-301F-11D3-BF4B-00C04F79EFBC}") = "Unity.TestTools.CodeCoverage.Editor.OpenCover.Mono.Reflection", "Unity.TestTools.CodeCoverage.Editor.OpenCover.Mono.Reflection.csproj", "{66BCA791-5C80-8AEB-6FE5-B0EA891B32D9}"
EndProject
Project("{FAE04EC0-301F-11D3-BF4B-00C04F79EFBC}") = "Unity.Settings.Editor", "Unity.Settings.Editor.csproj", "{A13A4037-16EC-9F5B-0F8B-17D7A8DF437F}"
EndProject
Project("{FAE04EC0-301F-11D3-BF4B-00C04F79EFBC}") = "Unity.EditorCoroutines.Editor", "Unity.EditorCoroutines.Editor.csproj", "{C0C6A33F-432F-D58C-CB14-0D920A12B3C4}"
EndProject
Project("{FAE04EC0-301F-11D3-BF4B-00C04F79EFBC}") = "Unity.VisualScripting.Shared.Editor", "Unity.VisualScripting.Shared.Editor.csproj", "{564DC59F-2F44-838E-9533-8BA33B54E1B0}"
EndProject
Project("{FAE04EC0-301F-11D3-BF4B-00C04F79EFBC}") = "Unity.CollabProxy.Editor", "Unity.CollabProxy.Editor.csproj", "{4578CC93-6654-61C5-3BEB-50A7620CD5BD}"
EndProject
Project("{FAE04EC0-301F-11D3-BF4B-00C04F79EFBC}") = "Unity.Timeline", "Unity.Timeline.Player.csproj", "{878480CC-25CA-D632-C8F2-1A23B23FD0B3}"
EndProject
Project("{FAE04EC0-301F-11D3-BF4B-00C04F79EFBC}") = "Unity.VisualScripting.Flow", "Unity.VisualScripting.Flow.Player.csproj", "{E0D78A3A-D418-7DD7-A645-1572D98DA18C}"
EndProject
Project("{FAE04EC0-301F-11D3-BF4B-00C04F79EFBC}") = "Unity.VisualScripting.Core", "Unity.VisualScripting.Core.Player.csproj", "{D8A88D5E-C97A-850B-7650-B6D1F23DD002}"
EndProject
Project("{FAE04EC0-301F-11D3-BF4B-00C04F79EFBC}") = "UnityEngine.TestRunner", "UnityEngine.TestRunner.Player.csproj", "{6DB8DF08-13E9-170F-5C28-0A4CB70E04B9}"
EndProject
Project("{FAE04EC0-301F-11D3-BF4B-00C04F79EFBC}") = "UnityEngine.UI", "UnityEngine.UI.Player.csproj", "{96101CCB-9BA4-7879-4E21-5510246E1036}"
EndProject
Project("{FAE04EC0-301F-11D3-BF4B-00C04F79EFBC}") = "Unity.VisualScripting.State", "Unity.VisualScripting.State.Player.csproj", "{0CB2E052-00C2-6933-D59A-C1F4754BB87E}"
EndProject
Project("{FAE04EC0-301F-11D3-BF4B-00C04F79EFBC}") = "Assembly-CSharp", "Assembly-CSharp.Player.csproj", "{7BFEFD6A-FAD2-6742-4586-B3223D716E60}"
EndProject
Project("{FAE04EC0-301F-11D3-BF4B-00C04F79EFBC}") = "Unity.TextMeshPro", "Unity.TextMeshPro.Player.csproj", "{A6A13652-90EA-17D4-88B4-8E338E630B66}"
EndProject
Global
	GlobalSection(SolutionConfigurationPlatforms) = preSolution
		Debug|Any CPU = Debug|Any CPU
		Release|Any CPU = Release|Any CPU
	EndGlobalSection
	GlobalSection(ProjectConfigurationPlatforms) = postSolution
		{BEDE492A-C797-EC65-9DED-4FE374B3E302}.Debug|Any CPU.ActiveCfg = Debug|Any CPU
		{BEDE492A-C797-EC65-9DED-4FE374B3E302}.Debug|Any CPU.Build.0 = Debug|Any CPU
		{BEDE492A-C797-EC65-9DED-4FE374B3E302}.Release|Any CPU.ActiveCfg = Release|Any CPU
		{BEDE492A-C797-EC65-9DED-4FE374B3E302}.Release|Any CPU.Build.0 = Release|Any CPU
		{DE1CAE85-95A8-3F17-A612-60C48943AB78}.Debug|Any CPU.ActiveCfg = Debug|Any CPU
		{DE1CAE85-95A8-3F17-A612-60C48943AB78}.Debug|Any CPU.Build.0 = Debug|Any CPU
		{DE1CAE85-95A8-3F17-A612-60C48943AB78}.Release|Any CPU.ActiveCfg = Release|Any CPU
		{DE1CAE85-95A8-3F17-A612-60C48943AB78}.Release|Any CPU.Build.0 = Release|Any CPU
		{19101E67-8AD4-0E16-0E10-D36771E52C78}.Debug|Any CPU.ActiveCfg = Debug|Any CPU
		{19101E67-8AD4-0E16-0E10-D36771E52C78}.Debug|Any CPU.Build.0 = Debug|Any CPU
		{19101E67-8AD4-0E16-0E10-D36771E52C78}.Release|Any CPU.ActiveCfg = Release|Any CPU
		{19101E67-8AD4-0E16-0E10-D36771E52C78}.Release|Any CPU.Build.0 = Release|Any CPU
		{6497DD28-3569-572C-71FF-EF2703129D36}.Debug|Any CPU.ActiveCfg = Debug|Any CPU
		{6497DD28-3569-572C-71FF-EF2703129D36}.Debug|Any CPU.Build.0 = Debug|Any CPU
		{6497DD28-3569-572C-71FF-EF2703129D36}.Release|Any CPU.ActiveCfg = Release|Any CPU
		{6497DD28-3569-572C-71FF-EF2703129D36}.Release|Any CPU.Build.0 = Release|Any CPU
		{1B419E0B-5D5B-1577-095F-6FAEBBCE7EB1}.Debug|Any CPU.ActiveCfg = Debug|Any CPU
		{1B419E0B-5D5B-1577-095F-6FAEBBCE7EB1}.Debug|Any CPU.Build.0 = Debug|Any CPU
		{1B419E0B-5D5B-1577-095F-6FAEBBCE7EB1}.Release|Any CPU.ActiveCfg = Release|Any CPU
		{1B419E0B-5D5B-1577-095F-6FAEBBCE7EB1}.Release|Any CPU.Build.0 = Release|Any CPU
		{3BE4809D-4AAF-3A72-C2DB-0BE45705CBC7}.Debug|Any CPU.ActiveCfg = Debug|Any CPU
		{3BE4809D-4AAF-3A72-C2DB-0BE45705CBC7}.Debug|Any CPU.Build.0 = Debug|Any CPU
		{3BE4809D-4AAF-3A72-C2DB-0BE45705CBC7}.Release|Any CPU.ActiveCfg = Release|Any CPU
		{3BE4809D-4AAF-3A72-C2DB-0BE45705CBC7}.Release|Any CPU.Build.0 = Release|Any CPU
		{02F45378-4FBA-1B7B-DCE5-26933E90C301}.Debug|Any CPU.ActiveCfg = Debug|Any CPU
		{02F45378-4FBA-1B7B-DCE5-26933E90C301}.Debug|Any CPU.Build.0 = Debug|Any CPU
		{02F45378-4FBA-1B7B-DCE5-26933E90C301}.Release|Any CPU.ActiveCfg = Release|Any CPU
		{02F45378-4FBA-1B7B-DCE5-26933E90C301}.Release|Any CPU.Build.0 = Release|Any CPU
		{C1441627-46D9-C42F-6581-86BDE6E0DB14}.Debug|Any CPU.ActiveCfg = Debug|Any CPU
		{C1441627-46D9-C42F-6581-86BDE6E0DB14}.Debug|Any CPU.Build.0 = Debug|Any CPU
		{C1441627-46D9-C42F-6581-86BDE6E0DB14}.Release|Any CPU.ActiveCfg = Release|Any CPU
		{C1441627-46D9-C42F-6581-86BDE6E0DB14}.Release|Any CPU.Build.0 = Release|Any CPU
		{9CC4363D-52E2-AE3E-FA0E-8EFC2BD86E04}.Debug|Any CPU.ActiveCfg = Debug|Any CPU
		{9CC4363D-52E2-AE3E-FA0E-8EFC2BD86E04}.Debug|Any CPU.Build.0 = Debug|Any CPU
		{9CC4363D-52E2-AE3E-FA0E-8EFC2BD86E04}.Release|Any CPU.ActiveCfg = Release|Any CPU
		{9CC4363D-52E2-AE3E-FA0E-8EFC2BD86E04}.Release|Any CPU.Build.0 = Release|Any CPU
		{4BBBDB34-2913-4808-3E4D-399E001FEB65}.Debug|Any CPU.ActiveCfg = Debug|Any CPU
		{4BBBDB34-2913-4808-3E4D-399E001FEB65}.Debug|Any CPU.Build.0 = Debug|Any CPU
		{4BBBDB34-2913-4808-3E4D-399E001FEB65}.Release|Any CPU.ActiveCfg = Release|Any CPU
		{4BBBDB34-2913-4808-3E4D-399E001FEB65}.Release|Any CPU.Build.0 = Release|Any CPU
		{7FF33441-80F4-328A-1B6B-BE1E0FF1BA64}.Debug|Any CPU.ActiveCfg = Debug|Any CPU
		{7FF33441-80F4-328A-1B6B-BE1E0FF1BA64}.Debug|Any CPU.Build.0 = Debug|Any CPU
		{7FF33441-80F4-328A-1B6B-BE1E0FF1BA64}.Release|Any CPU.ActiveCfg = Release|Any CPU
		{7FF33441-80F4-328A-1B6B-BE1E0FF1BA64}.Release|Any CPU.Build.0 = Release|Any CPU
		{56FBE9D1-05CA-2F43-7C7C-3B52D4139D92}.Debug|Any CPU.ActiveCfg = Debug|Any CPU
		{56FBE9D1-05CA-2F43-7C7C-3B52D4139D92}.Debug|Any CPU.Build.0 = Debug|Any CPU
		{56FBE9D1-05CA-2F43-7C7C-3B52D4139D92}.Release|Any CPU.ActiveCfg = Release|Any CPU
		{56FBE9D1-05CA-2F43-7C7C-3B52D4139D92}.Release|Any CPU.Build.0 = Release|Any CPU
		{EBB3A103-4751-E5E0-9531-4A48797890D9}.Debug|Any CPU.ActiveCfg = Debug|Any CPU
		{EBB3A103-4751-E5E0-9531-4A48797890D9}.Debug|Any CPU.Build.0 = Debug|Any CPU
		{EBB3A103-4751-E5E0-9531-4A48797890D9}.Release|Any CPU.ActiveCfg = Release|Any CPU
		{EBB3A103-4751-E5E0-9531-4A48797890D9}.Release|Any CPU.Build.0 = Release|Any CPU
		{6AB33522-EB23-F862-AB58-B2A76902EE14}.Debug|Any CPU.ActiveCfg = Debug|Any CPU
		{6AB33522-EB23-F862-AB58-B2A76902EE14}.Debug|Any CPU.Build.0 = Debug|Any CPU
		{6AB33522-EB23-F862-AB58-B2A76902EE14}.Release|Any CPU.ActiveCfg = Release|Any CPU
		{6AB33522-EB23-F862-AB58-B2A76902EE14}.Release|Any CPU.Build.0 = Release|Any CPU
		{67559622-2B7D-9771-EFE3-BF1D8CF0F7AB}.Debug|Any CPU.ActiveCfg = Debug|Any CPU
		{67559622-2B7D-9771-EFE3-BF1D8CF0F7AB}.Debug|Any CPU.Build.0 = Debug|Any CPU
		{67559622-2B7D-9771-EFE3-BF1D8CF0F7AB}.Release|Any CPU.ActiveCfg = Release|Any CPU
		{67559622-2B7D-9771-EFE3-BF1D8CF0F7AB}.Release|Any CPU.Build.0 = Release|Any CPU
		{9CFE16A5-20B6-8A18-BDDC-8B9C918EFF9F}.Debug|Any CPU.ActiveCfg = Debug|Any CPU
		{9CFE16A5-20B6-8A18-BDDC-8B9C918EFF9F}.Debug|Any CPU.Build.0 = Debug|Any CPU
		{9CFE16A5-20B6-8A18-BDDC-8B9C918EFF9F}.Release|Any CPU.ActiveCfg = Release|Any CPU
		{9CFE16A5-20B6-8A18-BDDC-8B9C918EFF9F}.Release|Any CPU.Build.0 = Release|Any CPU
		{04BAEEA1-29D5-2702-48A4-1FD93C81686D}.Debug|Any CPU.ActiveCfg = Debug|Any CPU
		{04BAEEA1-29D5-2702-48A4-1FD93C81686D}.Debug|Any CPU.Build.0 = Debug|Any CPU
		{04BAEEA1-29D5-2702-48A4-1FD93C81686D}.Release|Any CPU.ActiveCfg = Release|Any CPU
		{04BAEEA1-29D5-2702-48A4-1FD93C81686D}.Release|Any CPU.Build.0 = Release|Any CPU
		{7F50EBF3-F002-3EA2-8DBB-FFFE4AF0AA1D}.Debug|Any CPU.ActiveCfg = Debug|Any CPU
		{7F50EBF3-F002-3EA2-8DBB-FFFE4AF0AA1D}.Debug|Any CPU.Build.0 = Debug|Any CPU
		{7F50EBF3-F002-3EA2-8DBB-FFFE4AF0AA1D}.Release|Any CPU.ActiveCfg = Release|Any CPU
		{7F50EBF3-F002-3EA2-8DBB-FFFE4AF0AA1D}.Release|Any CPU.Build.0 = Release|Any CPU
		{A949CB8A-C2A1-EB70-D82B-9FCDABF71F2C}.Debug|Any CPU.ActiveCfg = Debug|Any CPU
		{A949CB8A-C2A1-EB70-D82B-9FCDABF71F2C}.Debug|Any CPU.Build.0 = Debug|Any CPU
		{A949CB8A-C2A1-EB70-D82B-9FCDABF71F2C}.Release|Any CPU.ActiveCfg = Release|Any CPU
		{A949CB8A-C2A1-EB70-D82B-9FCDABF71F2C}.Release|Any CPU.Build.0 = Release|Any CPU
		{21F27E44-9353-8D72-95AF-5A8132D6E4F3}.Debug|Any CPU.ActiveCfg = Debug|Any CPU
		{21F27E44-9353-8D72-95AF-5A8132D6E4F3}.Debug|Any CPU.Build.0 = Debug|Any CPU
		{21F27E44-9353-8D72-95AF-5A8132D6E4F3}.Release|Any CPU.ActiveCfg = Release|Any CPU
		{21F27E44-9353-8D72-95AF-5A8132D6E4F3}.Release|Any CPU.Build.0 = Release|Any CPU
		{9732AF40-ED83-E780-4F7B-E6706884C014}.Debug|Any CPU.ActiveCfg = Debug|Any CPU
		{9732AF40-ED83-E780-4F7B-E6706884C014}.Debug|Any CPU.Build.0 = Debug|Any CPU
		{9732AF40-ED83-E780-4F7B-E6706884C014}.Release|Any CPU.ActiveCfg = Release|Any CPU
		{9732AF40-ED83-E780-4F7B-E6706884C014}.Release|Any CPU.Build.0 = Release|Any CPU
		{216AD898-9CB5-A1F9-0C32-C926BE322F0D}.Debug|Any CPU.ActiveCfg = Debug|Any CPU
		{216AD898-9CB5-A1F9-0C32-C926BE322F0D}.Debug|Any CPU.Build.0 = Debug|Any CPU
		{216AD898-9CB5-A1F9-0C32-C926BE322F0D}.Release|Any CPU.ActiveCfg = Release|Any CPU
		{216AD898-9CB5-A1F9-0C32-C926BE322F0D}.Release|Any CPU.Build.0 = Release|Any CPU
		{341B9EEE-49E7-52CB-704C-2F4B9C486F51}.Debug|Any CPU.ActiveCfg = Debug|Any CPU
		{341B9EEE-49E7-52CB-704C-2F4B9C486F51}.Debug|Any CPU.Build.0 = Debug|Any CPU
		{341B9EEE-49E7-52CB-704C-2F4B9C486F51}.Release|Any CPU.ActiveCfg = Release|Any CPU
		{341B9EEE-49E7-52CB-704C-2F4B9C486F51}.Release|Any CPU.Build.0 = Release|Any CPU
		{66BCA791-5C80-8AEB-6FE5-B0EA891B32D9}.Debug|Any CPU.ActiveCfg = Debug|Any CPU
		{66BCA791-5C80-8AEB-6FE5-B0EA891B32D9}.Debug|Any CPU.Build.0 = Debug|Any CPU
		{66BCA791-5C80-8AEB-6FE5-B0EA891B32D9}.Release|Any CPU.ActiveCfg = Release|Any CPU
		{66BCA791-5C80-8AEB-6FE5-B0EA891B32D9}.Release|Any CPU.Build.0 = Release|Any CPU
		{A13A4037-16EC-9F5B-0F8B-17D7A8DF437F}.Debug|Any CPU.ActiveCfg = Debug|Any CPU
		{A13A4037-16EC-9F5B-0F8B-17D7A8DF437F}.Debug|Any CPU.Build.0 = Debug|Any CPU
		{A13A4037-16EC-9F5B-0F8B-17D7A8DF437F}.Release|Any CPU.ActiveCfg = Release|Any CPU
		{A13A4037-16EC-9F5B-0F8B-17D7A8DF437F}.Release|Any CPU.Build.0 = Release|Any CPU
		{C0C6A33F-432F-D58C-CB14-0D920A12B3C4}.Debug|Any CPU.ActiveCfg = Debug|Any CPU
		{C0C6A33F-432F-D58C-CB14-0D920A12B3C4}.Debug|Any CPU.Build.0 = Debug|Any CPU
		{C0C6A33F-432F-D58C-CB14-0D920A12B3C4}.Release|Any CPU.ActiveCfg = Release|Any CPU
		{C0C6A33F-432F-D58C-CB14-0D920A12B3C4}.Release|Any CPU.Build.0 = Release|Any CPU
		{564DC59F-2F44-838E-9533-8BA33B54E1B0}.Debug|Any CPU.ActiveCfg = Debug|Any CPU
		{564DC59F-2F44-838E-9533-8BA33B54E1B0}.Debug|Any CPU.Build.0 = Debug|Any CPU
		{564DC59F-2F44-838E-9533-8BA33B54E1B0}.Release|Any CPU.ActiveCfg = Release|Any CPU
		{564DC59F-2F44-838E-9533-8BA33B54E1B0}.Release|Any CPU.Build.0 = Release|Any CPU
		{4578CC93-6654-61C5-3BEB-50A7620CD5BD}.Debug|Any CPU.ActiveCfg = Debug|Any CPU
		{4578CC93-6654-61C5-3BEB-50A7620CD5BD}.Debug|Any CPU.Build.0 = Debug|Any CPU
		{4578CC93-6654-61C5-3BEB-50A7620CD5BD}.Release|Any CPU.ActiveCfg = Release|Any CPU
		{4578CC93-6654-61C5-3BEB-50A7620CD5BD}.Release|Any CPU.Build.0 = Release|Any CPU
		{878480CC-25CA-D632-C8F2-1A23B23FD0B3}.Debug|Any CPU.ActiveCfg = Debug|Any CPU
		{878480CC-25CA-D632-C8F2-1A23B23FD0B3}.Debug|Any CPU.Build.0 = Debug|Any CPU
		{878480CC-25CA-D632-C8F2-1A23B23FD0B3}.Release|Any CPU.ActiveCfg = Release|Any CPU
		{878480CC-25CA-D632-C8F2-1A23B23FD0B3}.Release|Any CPU.Build.0 = Release|Any CPU
		{E0D78A3A-D418-7DD7-A645-1572D98DA18C}.Debug|Any CPU.ActiveCfg = Debug|Any CPU
		{E0D78A3A-D418-7DD7-A645-1572D98DA18C}.Debug|Any CPU.Build.0 = Debug|Any CPU
		{E0D78A3A-D418-7DD7-A645-1572D98DA18C}.Release|Any CPU.ActiveCfg = Release|Any CPU
		{E0D78A3A-D418-7DD7-A645-1572D98DA18C}.Release|Any CPU.Build.0 = Release|Any CPU
		{D8A88D5E-C97A-850B-7650-B6D1F23DD002}.Debug|Any CPU.ActiveCfg = Debug|Any CPU
		{D8A88D5E-C97A-850B-7650-B6D1F23DD002}.Debug|Any CPU.Build.0 = Debug|Any CPU
		{D8A88D5E-C97A-850B-7650-B6D1F23DD002}.Release|Any CPU.ActiveCfg = Release|Any CPU
		{D8A88D5E-C97A-850B-7650-B6D1F23DD002}.Release|Any CPU.Build.0 = Release|Any CPU
		{6DB8DF08-13E9-170F-5C28-0A4CB70E04B9}.Debug|Any CPU.ActiveCfg = Debug|Any CPU
		{6DB8DF08-13E9-170F-5C28-0A4CB70E04B9}.Debug|Any CPU.Build.0 = Debug|Any CPU
		{6DB8DF08-13E9-170F-5C28-0A4CB70E04B9}.Release|Any CPU.ActiveCfg = Release|Any CPU
		{6DB8DF08-13E9-170F-5C28-0A4CB70E04B9}.Release|Any CPU.Build.0 = Release|Any CPU
		{96101CCB-9BA4-7879-4E21-5510246E1036}.Debug|Any CPU.ActiveCfg = Debug|Any CPU
		{96101CCB-9BA4-7879-4E21-5510246E1036}.Debug|Any CPU.Build.0 = Debug|Any CPU
		{96101CCB-9BA4-7879-4E21-5510246E1036}.Release|Any CPU.ActiveCfg = Release|Any CPU
		{96101CCB-9BA4-7879-4E21-5510246E1036}.Release|Any CPU.Build.0 = Release|Any CPU
		{0CB2E052-00C2-6933-D59A-C1F4754BB87E}.Debug|Any CPU.ActiveCfg = Debug|Any CPU
		{0CB2E052-00C2-6933-D59A-C1F4754BB87E}.Debug|Any CPU.Build.0 = Debug|Any CPU
		{0CB2E052-00C2-6933-D59A-C1F4754BB87E}.Release|Any CPU.ActiveCfg = Release|Any CPU
		{0CB2E052-00C2-6933-D59A-C1F4754BB87E}.Release|Any CPU.Build.0 = Release|Any CPU
		{7BFEFD6A-FAD2-6742-4586-B3223D716E60}.Debug|Any CPU.ActiveCfg = Debug|Any CPU
		{7BFEFD6A-FAD2-6742-4586-B3223D716E60}.Debug|Any CPU.Build.0 = Debug|Any CPU
		{7BFEFD6A-FAD2-6742-4586-B3223D716E60}.Release|Any CPU.ActiveCfg = Release|Any CPU
		{7BFEFD6A-FAD2-6742-4586-B3223D716E60}.Release|Any CPU.Build.0 = Release|Any CPU
		{A6A13652-90EA-17D4-88B4-8E338E630B66}.Debug|Any CPU.ActiveCfg = Debug|Any CPU
		{A6A13652-90EA-17D4-88B4-8E338E630B66}.Debug|Any CPU.Build.0 = Debug|Any CPU
		{A6A13652-90EA-17D4-88B4-8E338E630B66}.Release|Any CPU.ActiveCfg = Release|Any CPU
		{A6A13652-90EA-17D4-88B4-8E338E630B66}.Release|Any CPU.Build.0 = Release|Any CPU
	EndGlobalSection
	GlobalSection(SolutionProperties) = preSolution
		HideSolutionNode = FALSE
	EndGlobalSection
EndGlobal
